schema: '2.0'
stages:
  parse_corpus:
    cmd: python scripts/01_parse_corpus.py
    deps:
    - path: scripts/01_parse_corpus.py
      hash: md5
      md5: 2296dab5f85b2e471fa8b4736fe2cae1
      size: 4567
    outs:
    - path: features/manifest.csv
      hash: md5
      md5: 6fc09379bb187ce47db6b670e736a189
      size: 1287607
  extract_acoustics:
    cmd: python scripts/02_extract_acoustics.py
    deps:
    - path: features/manifest.csv
      hash: md5
      md5: 6fc09379bb187ce47db6b670e736a189
      size: 1287607
    - path: scripts/02_extract_acoustics.py
      hash: md5
      md5: b5c3e95c1f6e0624c87df2a8e034be64
      size: 6743
    params:
      params.yaml:
        acoustics.long_vowel_threshold_ms: 80
        acoustics.max_formant_female: 5000
        acoustics.max_formant_male: 4500
        acoustics.n_formants: 5
    outs:
    - path: features/features_acoustic.csv
      hash: md5
      md5: 24391ff24753d17ea227dae98f82895b
      size: 3582268
    - path: features/missing_values_report.csv
      hash: md5
      md5: 378b678d8f2af078e09f7e9ef2cc2bb8
      size: 14082
  extract_neural_whisper:
    cmd: python scripts/03_extract_whisper.py
    deps:
    - path: features/manifest.csv
      hash: md5
      md5: 6fc09379bb187ce47db6b670e736a189
      size: 1287607
    - path: scripts/03_extract_whisper.py
      hash: md5
      md5: c48e3ea9b07fedc822c1c2e6aae1fba4
      size: 4633
    params:
      params.yaml:
        whisper.model_id: openai/whisper-medium
        whisper.target_layers:
        - 4
        - 20
    outs:
    - path: features/features_whisper.npz
      hash: md5
      md5: 3c7a80c152721814e62267e321a7d3c0
      size: 187752964
  extract_neural_xlsr:
    cmd: python scripts/04_extract_xlsr.py
    deps:
    - path: features/manifest.csv
      hash: md5
      md5: 6fc09379bb187ce47db6b670e736a189
      size: 1287607
    - path: scripts/04_extract_xlsr.py
      hash: md5
      md5: 3491f1dd0032b45484c658e7a2d0445b
      size: 3548
    params:
      params.yaml:
        xlsr.model_id: facebook/wav2vec2-large-xlsr-53
        xlsr.target_layers:
        - 3
        - 9
        - 18
    outs:
    - path: features/features_xlsr.npz
      hash: md5
      md5: 56da7f55c3c885b13d072654d79ee9a8
      size: 281629434
  normalise:
    cmd: python scripts/05_normalise.py
    deps:
    - path: features/features_acoustic.csv
      hash: md5
      md5: 24391ff24753d17ea227dae98f82895b
      size: 3582268
    - path: features/features_whisper.npz
      hash: md5
      md5: 3c7a80c152721814e62267e321a7d3c0
      size: 187752964
    - path: features/features_xlsr.npz
      hash: md5
      md5: 56da7f55c3c885b13d072654d79ee9a8
      size: 281629434
    - path: scripts/05_normalise.py
      hash: md5
      md5: 8ea06ed8a2a28191eea91d9b0e2a2229
      size: 5265
    params:
      params.yaml:
        normalisation.pca_dim_cluster: 50
        normalisation.pca_dim_viz: 2
    outs:
    - path: features/features_acoustic_norm.csv
      hash: md5
      md5: 9effc5f37e7d9c6da6c67189a7ce2ac1
      size: 5380073
    - path: features/features_whisper_norm.npz
      hash: md5
      md5: 18f85a2af6f49b1fde97499ab39c087c
      size: 9902580
    - path: features/features_xlsr_norm.npz
      hash: md5
      md5: 46b92f218a393ba2a829b849aeb41af7
      size: 14853856
